{
  "version": 4,
  "terraform_version": "1.7.0",
  "serial": 49,
  "lineage": "e32af450-e849-9c18-17b6-9e3228f5d3ff",
  "outputs": {},
  "resources": [
    {
      "mode": "managed",
      "type": "aws_default_vpc",
      "name": "default",
      "provider": "provider[\"registry.terraform.io/hashicorp/aws\"]",
      "instances": [
        {
          "schema_version": 1,
          "attributes": {
            "arn": "arn:aws:ec2:us-east-1:536631738691:vpc/vpc-0666605ca4a39cf99",
            "assign_generated_ipv6_cidr_block": false,
            "cidr_block": "172.31.0.0/16",
            "default_network_acl_id": "acl-021bebe21bf4b458e",
            "default_route_table_id": "rtb-054354821081389c3",
            "default_security_group_id": "sg-0c145ab13ed0aa14d",
            "dhcp_options_id": "dopt-00b74bec3d454ff89",
            "enable_dns_hostnames": true,
            "enable_dns_support": true,
            "enable_network_address_usage_metrics": false,
            "existing_default_vpc": true,
            "force_destroy": false,
            "id": "vpc-0666605ca4a39cf99",
            "instance_tenancy": "default",
            "ipv6_association_id": "",
            "ipv6_cidr_block": "",
            "ipv6_cidr_block_network_border_group": "",
            "ipv6_ipam_pool_id": "",
            "ipv6_netmask_length": 0,
            "main_route_table_id": "rtb-054354821081389c3",
            "owner_id": "536631738691",
            "tags": {
              "Name": "Default VPC"
            },
            "tags_all": {
              "Name": "Default VPC"
            }
          },
          "sensitive_attributes": [],
          "private": "eyJzY2hlbWFfdmVyc2lvbiI6IjEifQ=="
        }
      ]
    },
    {
      "mode": "managed",
      "type": "aws_key_pair",
      "name": "my_ec2_kp",
      "provider": "provider[\"registry.terraform.io/hashicorp/aws\"]",
      "instances": [
        {
          "schema_version": 1,
          "attributes": {
            "arn": "arn:aws:ec2:us-east-1:536631738691:key-pair/my_ec2_kp",
            "fingerprint": "f4:4a:76:a5:89:7f:a7:d2:6e:99:40:13:3b:84:10:76",
            "id": "my_ec2_kp",
            "key_name": "my_ec2_kp",
            "key_name_prefix": "",
            "key_pair_id": "key-0ab7791fbac7bba3e",
            "key_type": "rsa",
            "public_key": "ssh-rsa AAAAB3NzaC1yc2EAAAADAQABAAABgQCw0v1ab7CpTwCz4//gD98iSrq6q9wOZTKJqo3UlnKPI0yFcm+q5iAtBteptBGtKS8AGL4GON7RQFwHOOGtSdr1A5Ww9vuY9bzzlg0+AVi9uYx116XPFmzByoF5Oc1dv6zGEjB7M16pGmSoys8L4XhbK4QPw1/FxKO1jxw5kibHKqEdFFhy17PJCRk7UP7KOarX79khLuDr7SEzJuOiZxOn81Hs2+Stexg6fqYrTW7Q4hralZaa2ZlKh1RGPTVryEnYMsslH8/eMJMx+HBQPjYeMKnZohJcQbl84nSGM1WDH92j8LTiBseegtoPc9tX3SDxCqTghgC/EdewIGx2XsUA1OeIz8E8jrt6n+3xyI/LdNTuOHV/HtP3vkCQ9Tiq7elT92/qb85LqmsZOyvX0/livTj80SuSNcQWR10WTzkjI897pgBMj+GW6FY3ma/SQVeyvgDbQHn37NaN27ZJgRrSFjtAFbX+pW4R6IPjbquxo8wqEZyYDneL7WSGsHUJEZM= anand@LAPTOP-VT2OG7SP",
            "tags": {},
            "tags_all": {}
          },
          "sensitive_attributes": [],
          "private": "eyJzY2hlbWFfdmVyc2lvbiI6IjEifQ=="
        }
      ]
    },
    {
      "mode": "managed",
      "type": "aws_security_group",
      "name": "w1_allow_ssh_http",
      "provider": "provider[\"registry.terraform.io/hashicorp/aws\"]",
      "instances": [
        {
          "schema_version": 1,
          "attributes": {
            "arn": "arn:aws:ec2:us-east-1:536631738691:security-group/sg-04b9272f012b37e47",
            "description": "To allow SSH HTTP",
            "egress": [
              {
                "cidr_blocks": [
                  "0.0.0.0/0"
                ],
                "description": "",
                "from_port": 0,
                "ipv6_cidr_blocks": [],
                "prefix_list_ids": [],
                "protocol": "-1",
                "security_groups": [],
                "self": false,
                "to_port": 0
              }
            ],
            "id": "sg-04b9272f012b37e47",
            "ingress": [
              {
                "cidr_blocks": [
                  "0.0.0.0/0"
                ],
                "description": "SSH",
                "from_port": 22,
                "ipv6_cidr_blocks": [],
                "prefix_list_ids": [],
                "protocol": "tcp",
                "security_groups": [],
                "self": false,
                "to_port": 22
              },
              {
                "cidr_blocks": [
                  "0.0.0.0/0"
                ],
                "description": "jenkins-http",
                "from_port": 8080,
                "ipv6_cidr_blocks": [],
                "prefix_list_ids": [],
                "protocol": "tcp",
                "security_groups": [],
                "self": false,
                "to_port": 8080
              },
              {
                "cidr_blocks": [
                  "0.0.0.0/0"
                ],
                "description": "standard-http",
                "from_port": 80,
                "ipv6_cidr_blocks": [],
                "prefix_list_ids": [],
                "protocol": "tcp",
                "security_groups": [],
                "self": false,
                "to_port": 80
              }
            ],
            "name": "allow_ssh_http",
            "name_prefix": "",
            "owner_id": "536631738691",
            "revoke_rules_on_delete": false,
            "tags": {},
            "tags_all": {},
            "timeouts": null,
            "vpc_id": "vpc-0666605ca4a39cf99"
          },
          "sensitive_attributes": [],
          "private": "eyJlMmJmYjczMC1lY2FhLTExZTYtOGY4OC0zNDM2M2JjN2M0YzAiOnsiY3JlYXRlIjo2MDAwMDAwMDAwMDAsImRlbGV0ZSI6OTAwMDAwMDAwMDAwfSwic2NoZW1hX3ZlcnNpb24iOiIxIn0=",
          "dependencies": [
            "aws_default_vpc.default"
          ]
        }
      ]
    }
  ],
  "check_results": null
}
